// !$*UTF8*$!
{
	archiveVersion = 1;
	classes = {
	};
	objectVersion = 50;
	objects = {

/* Begin PBXBuildFile section */
		3D1948482206901000F8184A /* UITableViewCell.swift in Sources */ = {isa = PBXBuildFile; fileRef = 3D1948472206901000F8184A /* UITableViewCell.swift */; };
		3D19484A2206914200F8184A /* UICollectionViewCell.swift in Sources */ = {isa = PBXBuildFile; fileRef = 3D1948492206914200F8184A /* UICollectionViewCell.swift */; };
		3D19484C220692DA00F8184A /* URLRequest.swift in Sources */ = {isa = PBXBuildFile; fileRef = 3D19484B220692DA00F8184A /* URLRequest.swift */; };
		3D1948502206AD8600F8184A /* AboutCanadaResponse.swift in Sources */ = {isa = PBXBuildFile; fileRef = 3D19484F2206AD8600F8184A /* AboutCanadaResponse.swift */; };
		3D1948542206B0B600F8184A /* AboutCanada.swift in Sources */ = {isa = PBXBuildFile; fileRef = 3D1948532206B0B600F8184A /* AboutCanada.swift */; };
		3D1948572206B24100F8184A /* Endpoint.swift in Sources */ = {isa = PBXBuildFile; fileRef = 3D1948562206B24100F8184A /* Endpoint.swift */; };
		3D1948592206C8B400F8184A /* APIResponse.swift in Sources */ = {isa = PBXBuildFile; fileRef = 3D1948582206C8B400F8184A /* APIResponse.swift */; };
		3D19485C2206CB2C00F8184A /* BaseAPIManager.swift in Sources */ = {isa = PBXBuildFile; fileRef = 3D19485B2206CB2C00F8184A /* BaseAPIManager.swift */; };
		3D19485E2206CB5C00F8184A /* HelloCanadaAPIManager.swift in Sources */ = {isa = PBXBuildFile; fileRef = 3D19485D2206CB5C00F8184A /* HelloCanadaAPIManager.swift */; };
		3D194861220743B000F8184A /* HomeViewPresenter.swift in Sources */ = {isa = PBXBuildFile; fileRef = 3D194860220743B000F8184A /* HomeViewPresenter.swift */; };
		3D194864220748EE00F8184A /* HomeViewRouter.swift in Sources */ = {isa = PBXBuildFile; fileRef = 3D194863220748EE00F8184A /* HomeViewRouter.swift */; };
		3D1948662207491500F8184A /* HomeViewProtocols.swift in Sources */ = {isa = PBXBuildFile; fileRef = 3D1948652207491500F8184A /* HomeViewProtocols.swift */; };
		3D19486A22075AF700F8184A /* HomeViewInteractor.swift in Sources */ = {isa = PBXBuildFile; fileRef = 3D19486922075AF700F8184A /* HomeViewInteractor.swift */; };
		3D38D484220823D800CC24B4 /* Messages.swift in Sources */ = {isa = PBXBuildFile; fileRef = 3D38D483220823D800CC24B4 /* Messages.swift */; };
		3DE521222205EF5500CD70AB /* AppDelegate.swift in Sources */ = {isa = PBXBuildFile; fileRef = 3DE521212205EF5500CD70AB /* AppDelegate.swift */; };
		3DE521242205EF5500CD70AB /* HomeViewController.swift in Sources */ = {isa = PBXBuildFile; fileRef = 3DE521232205EF5500CD70AB /* HomeViewController.swift */; };
		3DE521292205EF5700CD70AB /* Assets.xcassets in Resources */ = {isa = PBXBuildFile; fileRef = 3DE521282205EF5700CD70AB /* Assets.xcassets */; };
		3DE5212C2205EF5700CD70AB /* LaunchScreen.storyboard in Resources */ = {isa = PBXBuildFile; fileRef = 3DE5212A2205EF5700CD70AB /* LaunchScreen.storyboard */; };
		3DE521372205EF5700CD70AB /* HelloCanadaTests.swift in Sources */ = {isa = PBXBuildFile; fileRef = 3DE521362205EF5700CD70AB /* HelloCanadaTests.swift */; };
		3DE521422205EF5700CD70AB /* HelloCanadaUITests.swift in Sources */ = {isa = PBXBuildFile; fileRef = 3DE521412205EF5700CD70AB /* HelloCanadaUITests.swift */; };
		46B762E88F46A8E93993F8E5 /* Pods_HelloCanada.framework in Frameworks */ = {isa = PBXBuildFile; fileRef = 2B6C864A53F9DE7ACD4BC5DA /* Pods_HelloCanada.framework */; };
		52694E02229A38EAC4E4369B /* Pods_HelloCanadaUITests.framework in Frameworks */ = {isa = PBXBuildFile; fileRef = 1F20F8112AF723C617D3250D /* Pods_HelloCanadaUITests.framework */; };
		B9CE146F8ADCCA71162407AB /* Pods_HelloCanadaTests.framework in Frameworks */ = {isa = PBXBuildFile; fileRef = 1C11FAA83E58B4C7D632F5C8 /* Pods_HelloCanadaTests.framework */; };
/* End PBXBuildFile section */

/* Begin PBXContainerItemProxy section */
		3DE521332205EF5700CD70AB /* PBXContainerItemProxy */ = {
			isa = PBXContainerItemProxy;
			containerPortal = 3DE521162205EF5500CD70AB /* Project object */;
			proxyType = 1;
			remoteGlobalIDString = 3DE5211D2205EF5500CD70AB;
			remoteInfo = HelloCanada;
		};
		3DE5213E2205EF5700CD70AB /* PBXContainerItemProxy */ = {
			isa = PBXContainerItemProxy;
			containerPortal = 3DE521162205EF5500CD70AB /* Project object */;
			proxyType = 1;
			remoteGlobalIDString = 3DE5211D2205EF5500CD70AB;
			remoteInfo = HelloCanada;
		};
/* End PBXContainerItemProxy section */

/* Begin PBXFileReference section */
		0695D92E2AB9436431710D2A /* Pods-HelloCanadaUITests.release.xcconfig */ = {isa = PBXFileReference; includeInIndex = 1; lastKnownFileType = text.xcconfig; name = "Pods-HelloCanadaUITests.release.xcconfig"; path = "Pods/Target Support Files/Pods-HelloCanadaUITests/Pods-HelloCanadaUITests.release.xcconfig"; sourceTree = "<group>"; };
		1C11FAA83E58B4C7D632F5C8 /* Pods_HelloCanadaTests.framework */ = {isa = PBXFileReference; explicitFileType = wrapper.framework; includeInIndex = 0; path = Pods_HelloCanadaTests.framework; sourceTree = BUILT_PRODUCTS_DIR; };
		1F20F8112AF723C617D3250D /* Pods_HelloCanadaUITests.framework */ = {isa = PBXFileReference; explicitFileType = wrapper.framework; includeInIndex = 0; path = Pods_HelloCanadaUITests.framework; sourceTree = BUILT_PRODUCTS_DIR; };
		228F9E7D8BB0C0CF456C3B36 /* Pods-HelloCanadaUITests.debug.xcconfig */ = {isa = PBXFileReference; includeInIndex = 1; lastKnownFileType = text.xcconfig; name = "Pods-HelloCanadaUITests.debug.xcconfig"; path = "Pods/Target Support Files/Pods-HelloCanadaUITests/Pods-HelloCanadaUITests.debug.xcconfig"; sourceTree = "<group>"; };
		2B6C864A53F9DE7ACD4BC5DA /* Pods_HelloCanada.framework */ = {isa = PBXFileReference; explicitFileType = wrapper.framework; includeInIndex = 0; path = Pods_HelloCanada.framework; sourceTree = BUILT_PRODUCTS_DIR; };
		3D1948472206901000F8184A /* UITableViewCell.swift */ = {isa = PBXFileReference; lastKnownFileType = sourcecode.swift; path = UITableViewCell.swift; sourceTree = "<group>"; };
		3D1948492206914200F8184A /* UICollectionViewCell.swift */ = {isa = PBXFileReference; lastKnownFileType = sourcecode.swift; path = UICollectionViewCell.swift; sourceTree = "<group>"; };
		3D19484B220692DA00F8184A /* URLRequest.swift */ = {isa = PBXFileReference; lastKnownFileType = sourcecode.swift; path = URLRequest.swift; sourceTree = "<group>"; };
		3D19484F2206AD8600F8184A /* AboutCanadaResponse.swift */ = {isa = PBXFileReference; lastKnownFileType = sourcecode.swift; path = AboutCanadaResponse.swift; sourceTree = "<group>"; };
		3D1948532206B0B600F8184A /* AboutCanada.swift */ = {isa = PBXFileReference; lastKnownFileType = sourcecode.swift; path = AboutCanada.swift; sourceTree = "<group>"; };
		3D1948562206B24100F8184A /* Endpoint.swift */ = {isa = PBXFileReference; lastKnownFileType = sourcecode.swift; path = Endpoint.swift; sourceTree = "<group>"; };
		3D1948582206C8B400F8184A /* APIResponse.swift */ = {isa = PBXFileReference; lastKnownFileType = sourcecode.swift; path = APIResponse.swift; sourceTree = "<group>"; };
		3D19485B2206CB2C00F8184A /* BaseAPIManager.swift */ = {isa = PBXFileReference; lastKnownFileType = sourcecode.swift; path = BaseAPIManager.swift; sourceTree = "<group>"; };
		3D19485D2206CB5C00F8184A /* HelloCanadaAPIManager.swift */ = {isa = PBXFileReference; lastKnownFileType = sourcecode.swift; path = HelloCanadaAPIManager.swift; sourceTree = "<group>"; };
		3D194860220743B000F8184A /* HomeViewPresenter.swift */ = {isa = PBXFileReference; lastKnownFileType = sourcecode.swift; path = HomeViewPresenter.swift; sourceTree = "<group>"; };
		3D194863220748EE00F8184A /* HomeViewRouter.swift */ = {isa = PBXFileReference; lastKnownFileType = sourcecode.swift; path = HomeViewRouter.swift; sourceTree = "<group>"; };
		3D1948652207491500F8184A /* HomeViewProtocols.swift */ = {isa = PBXFileReference; lastKnownFileType = sourcecode.swift; path = HomeViewProtocols.swift; sourceTree = "<group>"; };
		3D19486922075AF700F8184A /* HomeViewInteractor.swift */ = {isa = PBXFileReference; lastKnownFileType = sourcecode.swift; path = HomeViewInteractor.swift; sourceTree = "<group>"; };
		3D38D483220823D800CC24B4 /* Messages.swift */ = {isa = PBXFileReference; lastKnownFileType = sourcecode.swift; path = Messages.swift; sourceTree = "<group>"; };
		3DE5211E2205EF5500CD70AB /* HelloCanada.app */ = {isa = PBXFileReference; explicitFileType = wrapper.application; includeInIndex = 0; path = HelloCanada.app; sourceTree = BUILT_PRODUCTS_DIR; };
		3DE521212205EF5500CD70AB /* AppDelegate.swift */ = {isa = PBXFileReference; lastKnownFileType = sourcecode.swift; path = AppDelegate.swift; sourceTree = "<group>"; };
		3DE521232205EF5500CD70AB /* HomeViewController.swift */ = {isa = PBXFileReference; lastKnownFileType = sourcecode.swift; path = HomeViewController.swift; sourceTree = "<group>"; };
		3DE521282205EF5700CD70AB /* Assets.xcassets */ = {isa = PBXFileReference; lastKnownFileType = folder.assetcatalog; path = Assets.xcassets; sourceTree = "<group>"; };
		3DE5212B2205EF5700CD70AB /* Base */ = {isa = PBXFileReference; lastKnownFileType = file.storyboard; name = Base; path = Base.lproj/LaunchScreen.storyboard; sourceTree = "<group>"; };
		3DE5212D2205EF5700CD70AB /* Info.plist */ = {isa = PBXFileReference; lastKnownFileType = text.plist.xml; path = Info.plist; sourceTree = "<group>"; };
		3DE521322205EF5700CD70AB /* HelloCanadaTests.xctest */ = {isa = PBXFileReference; explicitFileType = wrapper.cfbundle; includeInIndex = 0; path = HelloCanadaTests.xctest; sourceTree = BUILT_PRODUCTS_DIR; };
		3DE521362205EF5700CD70AB /* HelloCanadaTests.swift */ = {isa = PBXFileReference; lastKnownFileType = sourcecode.swift; path = HelloCanadaTests.swift; sourceTree = "<group>"; };
		3DE521382205EF5700CD70AB /* Info.plist */ = {isa = PBXFileReference; lastKnownFileType = text.plist.xml; path = Info.plist; sourceTree = "<group>"; };
		3DE5213D2205EF5700CD70AB /* HelloCanadaUITests.xctest */ = {isa = PBXFileReference; explicitFileType = wrapper.cfbundle; includeInIndex = 0; path = HelloCanadaUITests.xctest; sourceTree = BUILT_PRODUCTS_DIR; };
		3DE521412205EF5700CD70AB /* HelloCanadaUITests.swift */ = {isa = PBXFileReference; lastKnownFileType = sourcecode.swift; path = HelloCanadaUITests.swift; sourceTree = "<group>"; };
		3DE521432205EF5700CD70AB /* Info.plist */ = {isa = PBXFileReference; lastKnownFileType = text.plist.xml; path = Info.plist; sourceTree = "<group>"; };
		4C40BC4B14B99EF881292341 /* Pods-HelloCanada.release.xcconfig */ = {isa = PBXFileReference; includeInIndex = 1; lastKnownFileType = text.xcconfig; name = "Pods-HelloCanada.release.xcconfig"; path = "Pods/Target Support Files/Pods-HelloCanada/Pods-HelloCanada.release.xcconfig"; sourceTree = "<group>"; };
		653C99C4B5D2A80FB239EBC2 /* Pods-HelloCanadaTests.release.xcconfig */ = {isa = PBXFileReference; includeInIndex = 1; lastKnownFileType = text.xcconfig; name = "Pods-HelloCanadaTests.release.xcconfig"; path = "Pods/Target Support Files/Pods-HelloCanadaTests/Pods-HelloCanadaTests.release.xcconfig"; sourceTree = "<group>"; };
		8807E55822E249197F8CDCB2 /* Pods-HelloCanadaTests.debug.xcconfig */ = {isa = PBXFileReference; includeInIndex = 1; lastKnownFileType = text.xcconfig; name = "Pods-HelloCanadaTests.debug.xcconfig"; path = "Pods/Target Support Files/Pods-HelloCanadaTests/Pods-HelloCanadaTests.debug.xcconfig"; sourceTree = "<group>"; };
		A13C5B9930A1660D898C46AF /* Pods-HelloCanada.debug.xcconfig */ = {isa = PBXFileReference; includeInIndex = 1; lastKnownFileType = text.xcconfig; name = "Pods-HelloCanada.debug.xcconfig"; path = "Pods/Target Support Files/Pods-HelloCanada/Pods-HelloCanada.debug.xcconfig"; sourceTree = "<group>"; };
/* End PBXFileReference section */

/* Begin PBXFrameworksBuildPhase section */
		3DE5211B2205EF5500CD70AB /* Frameworks */ = {
			isa = PBXFrameworksBuildPhase;
			buildActionMask = 2147483647;
			files = (
				46B762E88F46A8E93993F8E5 /* Pods_HelloCanada.framework in Frameworks */,
			);
			runOnlyForDeploymentPostprocessing = 0;
		};
		3DE5212F2205EF5700CD70AB /* Frameworks */ = {
			isa = PBXFrameworksBuildPhase;
			buildActionMask = 2147483647;
			files = (
				B9CE146F8ADCCA71162407AB /* Pods_HelloCanadaTests.framework in Frameworks */,
			);
			runOnlyForDeploymentPostprocessing = 0;
		};
		3DE5213A2205EF5700CD70AB /* Frameworks */ = {
			isa = PBXFrameworksBuildPhase;
			buildActionMask = 2147483647;
			files = (
				52694E02229A38EAC4E4369B /* Pods_HelloCanadaUITests.framework in Frameworks */,
			);
			runOnlyForDeploymentPostprocessing = 0;
		};
/* End PBXFrameworksBuildPhase section */

/* Begin PBXGroup section */
		3D19483D2206874300F8184A /* Source */ = {
			isa = PBXGroup;
			children = (
				3DE521212205EF5500CD70AB /* AppDelegate.swift */,
				3D19484D2206ACF600F8184A /* Backend */,
				3D1948422206886200F8184A /* Home */,
				3D1948412206885700F8184A /* Common */,
			);
			path = Source;
			sourceTree = "<group>";
		};
		3D19483E2206876200F8184A /* Resource */ = {
			isa = PBXGroup;
			children = (
				3D1948402206878D00F8184A /* Stoyboard */,
				3D19483F2206878300F8184A /* Assets */,
				3DE5212D2205EF5700CD70AB /* Info.plist */,
			);
			path = Resource;
			sourceTree = "<group>";
		};
		3D19483F2206878300F8184A /* Assets */ = {
			isa = PBXGroup;
			children = (
				3DE521282205EF5700CD70AB /* Assets.xcassets */,
			);
			path = Assets;
			sourceTree = "<group>";
		};
		3D1948402206878D00F8184A /* Stoyboard */ = {
			isa = PBXGroup;
			children = (
				3DE5212A2205EF5700CD70AB /* LaunchScreen.storyboard */,
			);
			path = Stoyboard;
			sourceTree = "<group>";
		};
		3D1948412206885700F8184A /* Common */ = {
			isa = PBXGroup;
			children = (
				3D19484622068C4A00F8184A /* Extension */,
				3D19484322068B8D00F8184A /* Util */,
			);
			path = Common;
			sourceTree = "<group>";
		};
		3D1948422206886200F8184A /* Home */ = {
			isa = PBXGroup;
			children = (
				3D19486822075ACC00F8184A /* Interactor */,
				3D1948672207491B00F8184A /* Protocols */,
				3D194862220748D200F8184A /* Router */,
				3D19485F2207438700F8184A /* Presenter */,
				3D1948522206B08500F8184A /* Entity */,
				3D1948512206B07C00F8184A /* ViewController */,
			);
			path = Home;
			sourceTree = "<group>";
		};
		3D19484322068B8D00F8184A /* Util */ = {
			isa = PBXGroup;
			children = (
				3D38D483220823D800CC24B4 /* Messages.swift */,
			);
			path = Util;
			sourceTree = "<group>";
		};
		3D19484622068C4A00F8184A /* Extension */ = {
			isa = PBXGroup;
			children = (
				3D1948472206901000F8184A /* UITableViewCell.swift */,
				3D1948492206914200F8184A /* UICollectionViewCell.swift */,
				3D19484B220692DA00F8184A /* URLRequest.swift */,
			);
			path = Extension;
			sourceTree = "<group>";
		};
		3D19484D2206ACF600F8184A /* Backend */ = {
			isa = PBXGroup;
			children = (
				3D19485A2206C91F00F8184A /* Manager */,
				3D1948552206B22C00F8184A /* Common */,
				3D19484E2206AD3200F8184A /* APIResponse */,
			);
			path = Backend;
			sourceTree = "<group>";
		};
		3D19484E2206AD3200F8184A /* APIResponse */ = {
			isa = PBXGroup;
			children = (
				3D19484F2206AD8600F8184A /* AboutCanadaResponse.swift */,
			);
			path = APIResponse;
			sourceTree = "<group>";
		};
		3D1948512206B07C00F8184A /* ViewController */ = {
			isa = PBXGroup;
			children = (
				3DE521232205EF5500CD70AB /* HomeViewController.swift */,
			);
			path = ViewController;
			sourceTree = "<group>";
		};
		3D1948522206B08500F8184A /* Entity */ = {
			isa = PBXGroup;
			children = (
				3D1948532206B0B600F8184A /* AboutCanada.swift */,
			);
			path = Entity;
			sourceTree = "<group>";
		};
		3D1948552206B22C00F8184A /* Common */ = {
			isa = PBXGroup;
			children = (
				3D1948562206B24100F8184A /* Endpoint.swift */,
				3D1948582206C8B400F8184A /* APIResponse.swift */,
			);
			path = Common;
			sourceTree = "<group>";
		};
		3D19485A2206C91F00F8184A /* Manager */ = {
			isa = PBXGroup;
			children = (
				3D19485B2206CB2C00F8184A /* BaseAPIManager.swift */,
				3D19485D2206CB5C00F8184A /* HelloCanadaAPIManager.swift */,
			);
			path = Manager;
			sourceTree = "<group>";
		};
		3D19485F2207438700F8184A /* Presenter */ = {
			isa = PBXGroup;
			children = (
				3D194860220743B000F8184A /* HomeViewPresenter.swift */,
			);
			path = Presenter;
			sourceTree = "<group>";
		};
		3D194862220748D200F8184A /* Router */ = {
			isa = PBXGroup;
			children = (
				3D194863220748EE00F8184A /* HomeViewRouter.swift */,
			);
			path = Router;
			sourceTree = "<group>";
		};
		3D1948672207491B00F8184A /* Protocols */ = {
			isa = PBXGroup;
			children = (
				3D1948652207491500F8184A /* HomeViewProtocols.swift */,
			);
			path = Protocols;
			sourceTree = "<group>";
		};
		3D19486822075ACC00F8184A /* Interactor */ = {
			isa = PBXGroup;
			children = (
				3D19486922075AF700F8184A /* HomeViewInteractor.swift */,
			);
			path = Interactor;
			sourceTree = "<group>";
		};
		3DE521152205EF5500CD70AB = {
			isa = PBXGroup;
			children = (
				3DE521202205EF5500CD70AB /* HelloCanada */,
				3DE521352205EF5700CD70AB /* HelloCanadaTests */,
				3DE521402205EF5700CD70AB /* HelloCanadaUITests */,
				3DE5211F2205EF5500CD70AB /* Products */,
				DDD19609635C3E3721BC898F /* Pods */,
				9F1B9107460410E1F3CCF585 /* Frameworks */,
			);
			sourceTree = "<group>";
		};
		3DE5211F2205EF5500CD70AB /* Products */ = {
			isa = PBXGroup;
			children = (
				3DE5211E2205EF5500CD70AB /* HelloCanada.app */,
				3DE521322205EF5700CD70AB /* HelloCanadaTests.xctest */,
				3DE5213D2205EF5700CD70AB /* HelloCanadaUITests.xctest */,
			);
			name = Products;
			sourceTree = "<group>";
		};
		3DE521202205EF5500CD70AB /* HelloCanada */ = {
			isa = PBXGroup;
			children = (
				3D19483D2206874300F8184A /* Source */,
				3D19483E2206876200F8184A /* Resource */,
			);
			path = HelloCanada;
			sourceTree = "<group>";
		};
		3DE521352205EF5700CD70AB /* HelloCanadaTests */ = {
			isa = PBXGroup;
			children = (
				3DE521362205EF5700CD70AB /* HelloCanadaTests.swift */,
				3DE521382205EF5700CD70AB /* Info.plist */,
			);
			path = HelloCanadaTests;
			sourceTree = "<group>";
		};
		3DE521402205EF5700CD70AB /* HelloCanadaUITests */ = {
			isa = PBXGroup;
			children = (
				3DE521412205EF5700CD70AB /* HelloCanadaUITests.swift */,
				3DE521432205EF5700CD70AB /* Info.plist */,
			);
			path = HelloCanadaUITests;
			sourceTree = "<group>";
		};
		9F1B9107460410E1F3CCF585 /* Frameworks */ = {
			isa = PBXGroup;
			children = (
				2B6C864A53F9DE7ACD4BC5DA /* Pods_HelloCanada.framework */,
				1C11FAA83E58B4C7D632F5C8 /* Pods_HelloCanadaTests.framework */,
				1F20F8112AF723C617D3250D /* Pods_HelloCanadaUITests.framework */,
			);
			name = Frameworks;
			sourceTree = "<group>";
		};
		DDD19609635C3E3721BC898F /* Pods */ = {
			isa = PBXGroup;
			children = (
				A13C5B9930A1660D898C46AF /* Pods-HelloCanada.debug.xcconfig */,
				4C40BC4B14B99EF881292341 /* Pods-HelloCanada.release.xcconfig */,
				8807E55822E249197F8CDCB2 /* Pods-HelloCanadaTests.debug.xcconfig */,
				653C99C4B5D2A80FB239EBC2 /* Pods-HelloCanadaTests.release.xcconfig */,
				228F9E7D8BB0C0CF456C3B36 /* Pods-HelloCanadaUITests.debug.xcconfig */,
				0695D92E2AB9436431710D2A /* Pods-HelloCanadaUITests.release.xcconfig */,
			);
			name = Pods;
			sourceTree = "<group>";
		};
/* End PBXGroup section */

/* Begin PBXNativeTarget section */
		3DE5211D2205EF5500CD70AB /* HelloCanada */ = {
			isa = PBXNativeTarget;
			buildConfigurationList = 3DE521462205EF5700CD70AB /* Build configuration list for PBXNativeTarget "HelloCanada" */;
			buildPhases = (
				94936FDDE64F4C7438D5364B /* [CP] Check Pods Manifest.lock */,
				3DE5211A2205EF5500CD70AB /* Sources */,
				3DE5211B2205EF5500CD70AB /* Frameworks */,
				3DE5211C2205EF5500CD70AB /* Resources */,
				02EC75C4A6A01F6B6A48A1D9 /* [CP] Embed Pods Frameworks */,
			);
			buildRules = (
			);
			dependencies = (
			);
			name = HelloCanada;
			productName = HelloCanada;
			productReference = 3DE5211E2205EF5500CD70AB /* HelloCanada.app */;
			productType = "com.apple.product-type.application";
		};
		3DE521312205EF5700CD70AB /* HelloCanadaTests */ = {
			isa = PBXNativeTarget;
			buildConfigurationList = 3DE521492205EF5700CD70AB /* Build configuration list for PBXNativeTarget "HelloCanadaTests" */;
			buildPhases = (
				87F5BEC05849BC2ADC8E25A4 /* [CP] Check Pods Manifest.lock */,
				3DE5212E2205EF5700CD70AB /* Sources */,
				3DE5212F2205EF5700CD70AB /* Frameworks */,
				3DE521302205EF5700CD70AB /* Resources */,
			);
			buildRules = (
			);
			dependencies = (
				3DE521342205EF5700CD70AB /* PBXTargetDependency */,
			);
			name = HelloCanadaTests;
			productName = HelloCanadaTests;
			productReference = 3DE521322205EF5700CD70AB /* HelloCanadaTests.xctest */;
			productType = "com.apple.product-type.bundle.unit-test";
		};
		3DE5213C2205EF5700CD70AB /* HelloCanadaUITests */ = {
			isa = PBXNativeTarget;
			buildConfigurationList = 3DE5214C2205EF5700CD70AB /* Build configuration list for PBXNativeTarget "HelloCanadaUITests" */;
			buildPhases = (
				33DC8E1147183D1021986014 /* [CP] Check Pods Manifest.lock */,
				3DE521392205EF5700CD70AB /* Sources */,
				3DE5213A2205EF5700CD70AB /* Frameworks */,
				3DE5213B2205EF5700CD70AB /* Resources */,
			);
			buildRules = (
			);
			dependencies = (
				3DE5213F2205EF5700CD70AB /* PBXTargetDependency */,
			);
			name = HelloCanadaUITests;
			productName = HelloCanadaUITests;
			productReference = 3DE5213D2205EF5700CD70AB /* HelloCanadaUITests.xctest */;
			productType = "com.apple.product-type.bundle.ui-testing";
		};
/* End PBXNativeTarget section */

/* Begin PBXProject section */
		3DE521162205EF5500CD70AB /* Project object */ = {
			isa = PBXProject;
			attributes = {
				LastSwiftUpdateCheck = 1010;
				LastUpgradeCheck = 1010;
				ORGANIZATIONNAME = pranil;
				TargetAttributes = {
					3DE5211D2205EF5500CD70AB = {
						CreatedOnToolsVersion = 10.1;
					};
					3DE521312205EF5700CD70AB = {
						CreatedOnToolsVersion = 10.1;
						TestTargetID = 3DE5211D2205EF5500CD70AB;
					};
					3DE5213C2205EF5700CD70AB = {
						CreatedOnToolsVersion = 10.1;
						TestTargetID = 3DE5211D2205EF5500CD70AB;
					};
				};
			};
			buildConfigurationList = 3DE521192205EF5500CD70AB /* Build configuration list for PBXProject "HelloCanada" */;
			compatibilityVersion = "Xcode 9.3";
			developmentRegion = en;
			hasScannedForEncodings = 0;
			knownRegions = (
				en,
				Base,
			);
			mainGroup = 3DE521152205EF5500CD70AB;
			productRefGroup = 3DE5211F2205EF5500CD70AB /* Products */;
			projectDirPath = "";
			projectRoot = "";
			targets = (
				3DE5211D2205EF5500CD70AB /* HelloCanada */,
				3DE521312205EF5700CD70AB /* HelloCanadaTests */,
				3DE5213C2205EF5700CD70AB /* HelloCanadaUITests */,
			);
		};
/* End PBXProject section */

/* Begin PBXResourcesBuildPhase section */
		3DE5211C2205EF5500CD70AB /* Resources */ = {
			isa = PBXResourcesBuildPhase;
			buildActionMask = 2147483647;
			files = (
				3DE5212C2205EF5700CD70AB /* LaunchScreen.storyboard in Resources */,
				3DE521292205EF5700CD70AB /* Assets.xcassets in Resources */,
			);
			runOnlyForDeploymentPostprocessing = 0;
		};
		3DE521302205EF5700CD70AB /* Resources */ = {
			isa = PBXResourcesBuildPhase;
			buildActionMask = 2147483647;
			files = (
			);
			runOnlyForDeploymentPostprocessing = 0;
		};
		3DE5213B2205EF5700CD70AB /* Resources */ = {
			isa = PBXResourcesBuildPhase;
			buildActionMask = 2147483647;
			files = (
			);
			runOnlyForDeploymentPostprocessing = 0;
		};
/* End PBXResourcesBuildPhase section */

/* Begin PBXShellScriptBuildPhase section */
		02EC75C4A6A01F6B6A48A1D9 /* [CP] Embed Pods Frameworks */ = {
			isa = PBXShellScriptBuildPhase;
			buildActionMask = 2147483647;
			files = (
			);
			inputPaths = (
				"${SRCROOT}/Pods/Target Support Files/Pods-HelloCanada/Pods-HelloCanada-frameworks.sh",
				"${BUILT_PRODUCTS_DIR}/Alamofire/Alamofire.framework",
				"${BUILT_PRODUCTS_DIR}/SDWebImage/SDWebImage.framework",
				"${BUILT_PRODUCTS_DIR}/UIActivityIndicator-for-SDWebImage/UIActivityIndicator_for_SDWebImage.framework",
			);
			name = "[CP] Embed Pods Frameworks";
			outputPaths = (
				"${TARGET_BUILD_DIR}/${FRAMEWORKS_FOLDER_PATH}/Alamofire.framework",
				"${TARGET_BUILD_DIR}/${FRAMEWORKS_FOLDER_PATH}/SDWebImage.framework",
				"${TARGET_BUILD_DIR}/${FRAMEWORKS_FOLDER_PATH}/UIActivityIndicator_for_SDWebImage.framework",
			);
			runOnlyForDeploymentPostprocessing = 0;
			shellPath = /bin/sh;
			shellScript = "\"${SRCROOT}/Pods/Target Support Files/Pods-HelloCanada/Pods-HelloCanada-frameworks.sh\"\n";
			showEnvVarsInLog = 0;
		};
		33DC8E1147183D1021986014 /* [CP] Check Pods Manifest.lock */ = {
			isa = PBXShellScriptBuildPhase;
			buildActionMask = 2147483647;
			files = (
			);
			inputPaths = (
				"${PODS_PODFILE_DIR_PATH}/Podfile.lock",
				"${PODS_ROOT}/Manifest.lock",
			);
			name = "[CP] Check Pods Manifest.lock";
			outputPaths = (
				"$(DERIVED_FILE_DIR)/Pods-HelloCanadaUITests-checkManifestLockResult.txt",
			);
			runOnlyForDeploymentPostprocessing = 0;
			shellPath = /bin/sh;
			shellScript = "diff \"${PODS_PODFILE_DIR_PATH}/Podfile.lock\" \"${PODS_ROOT}/Manifest.lock\" > /dev/null\nif [ $? != 0 ] ; then\n    # print error to STDERR\n    echo \"error: The sandbox is not in sync with the Podfile.lock. Run 'pod install' or update your CocoaPods installation.\" >&2\n    exit 1\nfi\n# This output is used by Xcode 'outputs' to avoid re-running this script phase.\necho \"SUCCESS\" > \"${SCRIPT_OUTPUT_FILE_0}\"\n";
			showEnvVarsInLog = 0;
		};
		87F5BEC05849BC2ADC8E25A4 /* [CP] Check Pods Manifest.lock */ = {
			isa = PBXShellScriptBuildPhase;
			buildActionMask = 2147483647;
			files = (
			);
			inputPaths = (
				"${PODS_PODFILE_DIR_PATH}/Podfile.lock",
				"${PODS_ROOT}/Manifest.lock",
			);
			name = "[CP] Check Pods Manifest.lock";
			outputPaths = (
				"$(DERIVED_FILE_DIR)/Pods-HelloCanadaTests-checkManifestLockResult.txt",
			);
			runOnlyForDeploymentPostprocessing = 0;
			shellPath = /bin/sh;
			shellScript = "diff \"${PODS_PODFILE_DIR_PATH}/Podfile.lock\" \"${PODS_ROOT}/Manifest.lock\" > /dev/null\nif [ $? != 0 ] ; then\n    # print error to STDERR\n    echo \"error: The sandbox is not in sync with the Podfile.lock. Run 'pod install' or update your CocoaPods installation.\" >&2\n    exit 1\nfi\n# This output is used by Xcode 'outputs' to avoid re-running this script phase.\necho \"SUCCESS\" > \"${SCRIPT_OUTPUT_FILE_0}\"\n";
			showEnvVarsInLog = 0;
		};
		94936FDDE64F4C7438D5364B /* [CP] Check Pods Manifest.lock */ = {
			isa = PBXShellScriptBuildPhase;
			buildActionMask = 2147483647;
			files = (
			);
			inputPaths = (
				"${PODS_PODFILE_DIR_PATH}/Podfile.lock",
				"${PODS_ROOT}/Manifest.lock",
			);
			name = "[CP] Check Pods Manifest.lock";
			outputPaths = (
				"$(DERIVED_FILE_DIR)/Pods-HelloCanada-checkManifestLockResult.txt",
			);
			runOnlyForDeploymentPostprocessing = 0;
			shellPath = /bin/sh;
			shellScript = "diff \"${PODS_PODFILE_DIR_PATH}/Podfile.lock\" \"${PODS_ROOT}/Manifest.lock\" > /dev/null\nif [ $? != 0 ] ; then\n    # print error to STDERR\n    echo \"error: The sandbox is not in sync with the Podfile.lock. Run 'pod install' or update your CocoaPods installation.\" >&2\n    exit 1\nfi\n# This output is used by Xcode 'outputs' to avoid re-running this script phase.\necho \"SUCCESS\" > \"${SCRIPT_OUTPUT_FILE_0}\"\n";
			showEnvVarsInLog = 0;
		};
/* End PBXShellScriptBuildPhase section */

/* Begin PBXSourcesBuildPhase section */
		3DE5211A2205EF5500CD70AB /* Sources */ = {
			isa = PBXSourcesBuildPhase;
			buildActionMask = 2147483647;
			files = (
				3D194864220748EE00F8184A /* HomeViewRouter.swift in Sources */,
				3D38D484220823D800CC24B4 /* Messages.swift in Sources */,
				3D19485C2206CB2C00F8184A /* BaseAPIManager.swift in Sources */,
				3DE521242205EF5500CD70AB /* HomeViewController.swift in Sources */,
				3D1948572206B24100F8184A /* Endpoint.swift in Sources */,
				3D1948482206901000F8184A /* UITableViewCell.swift in Sources */,
				3D1948592206C8B400F8184A /* APIResponse.swift in Sources */,
				3D19486A22075AF700F8184A /* HomeViewInteractor.swift in Sources */,
				3D19484A2206914200F8184A /* UICollectionViewCell.swift in Sources */,
				3D19484C220692DA00F8184A /* URLRequest.swift in Sources */,
				3DE521222205EF5500CD70AB /* AppDelegate.swift in Sources */,
				3D1948502206AD8600F8184A /* AboutCanadaResponse.swift in Sources */,
				3D1948542206B0B600F8184A /* AboutCanada.swift in Sources */,
				3D1948662207491500F8184A /* HomeViewProtocols.swift in Sources */,
				3D194861220743B000F8184A /* HomeViewPresenter.swift in Sources */,
				3D19485E2206CB5C00F8184A /* HelloCanadaAPIManager.swift in Sources */,
			);
			runOnlyForDeploymentPostprocessing = 0;
		};
		3DE5212E2205EF5700CD70AB /* Sources */ = {
			isa = PBXSourcesBuildPhase;
			buildActionMask = 2147483647;
			files = (
				3DE521372205EF5700CD70AB /* HelloCanadaTests.swift in Sources */,
			);
			runOnlyForDeploymentPostprocessing = 0;
		};
		3DE521392205EF5700CD70AB /* Sources */ = {
			isa = PBXSourcesBuildPhase;
			buildActionMask = 2147483647;
			files = (
				3DE521422205EF5700CD70AB /* HelloCanadaUITests.swift in Sources */,
			);
			runOnlyForDeploymentPostprocessing = 0;
		};
/* End PBXSourcesBuildPhase section */

/* Begin PBXTargetDependency section */
		3DE521342205EF5700CD70AB /* PBXTargetDependency */ = {
			isa = PBXTargetDependency;
			target = 3DE5211D2205EF5500CD70AB /* HelloCanada */;
			targetProxy = 3DE521332205EF5700CD70AB /* PBXContainerItemProxy */;
		};
		3DE5213F2205EF5700CD70AB /* PBXTargetDependency */ = {
			isa = PBXTargetDependency;
			target = 3DE5211D2205EF5500CD70AB /* HelloCanada */;
			targetProxy = 3DE5213E2205EF5700CD70AB /* PBXContainerItemProxy */;
		};
/* End PBXTargetDependency section */

/* Begin PBXVariantGroup section */
		3DE5212A2205EF5700CD70AB /* LaunchScreen.storyboard */ = {
			isa = PBXVariantGroup;
			children = (
				3DE5212B2205EF5700CD70AB /* Base */,
			);
			name = LaunchScreen.storyboard;
			sourceTree = "<group>";
		};
/* End PBXVariantGroup section */

/* Begin XCBuildConfiguration section */
		3DE521442205EF5700CD70AB /* Debug */ = {
			isa = XCBuildConfiguration;
			buildSettings = {
				ALWAYS_SEARCH_USER_PATHS = NO;
				CLANG_ANALYZER_NONNULL = YES;
				CLANG_ANALYZER_NUMBER_OBJECT_CONVERSION = YES_AGGRESSIVE;
				CLANG_CXX_LANGUAGE_STANDARD = "gnu++14";
				CLANG_CXX_LIBRARY = "libc++";
				CLANG_ENABLE_MODULES = YES;
				CLANG_ENABLE_OBJC_ARC = YES;
				CLANG_ENABLE_OBJC_WEAK = YES;
				CLANG_WARN_BLOCK_CAPTURE_AUTORELEASING = YES;
				CLANG_WARN_BOOL_CONVERSION = YES;
				CLANG_WARN_COMMA = YES;
				CLANG_WARN_CONSTANT_CONVERSION = YES;
				CLANG_WARN_DEPRECATED_OBJC_IMPLEMENTATIONS = YES;
				CLANG_WARN_DIRECT_OBJC_ISA_USAGE = YES_ERROR;
				CLANG_WARN_DOCUMENTATION_COMMENTS = YES;
				CLANG_WARN_EMPTY_BODY = YES;
				CLANG_WARN_ENUM_CONVERSION = YES;
				CLANG_WARN_INFINITE_RECURSION = YES;
				CLANG_WARN_INT_CONVERSION = YES;
				CLANG_WARN_NON_LITERAL_NULL_CONVERSION = YES;
				CLANG_WARN_OBJC_IMPLICIT_RETAIN_SELF = YES;
				CLANG_WARN_OBJC_LITERAL_CONVERSION = YES;
				CLANG_WARN_OBJC_ROOT_CLASS = YES_ERROR;
				CLANG_WARN_RANGE_LOOP_ANALYSIS = YES;
				CLANG_WARN_STRICT_PROTOTYPES = YES;
				CLANG_WARN_SUSPICIOUS_MOVE = YES;
				CLANG_WARN_UNGUARDED_AVAILABILITY = YES_AGGRESSIVE;
				CLANG_WARN_UNREACHABLE_CODE = YES;
				CLANG_WARN__DUPLICATE_METHOD_MATCH = YES;
				CODE_SIGN_IDENTITY = "iPhone Developer";
				COPY_PHASE_STRIP = NO;
				DEBUG_INFORMATION_FORMAT = dwarf;
				ENABLE_STRICT_OBJC_MSGSEND = YES;
				ENABLE_TESTABILITY = YES;
				GCC_C_LANGUAGE_STANDARD = gnu11;
				GCC_DYNAMIC_NO_PIC = NO;
				GCC_NO_COMMON_BLOCKS = YES;
				GCC_OPTIMIZATION_LEVEL = 0;
				GCC_PREPROCESSOR_DEFINITIONS = (
					"DEBUG=1",
					"$(inherited)",
				);
				GCC_WARN_64_TO_32_BIT_CONVERSION = YES;
				GCC_WARN_ABOUT_RETURN_TYPE = YES_ERROR;
				GCC_WARN_UNDECLARED_SELECTOR = YES;
				GCC_WARN_UNINITIALIZED_AUTOS = YES_AGGRESSIVE;
				GCC_WARN_UNUSED_FUNCTION = YES;
				GCC_WARN_UNUSED_VARIABLE = YES;
				IPHONEOS_DEPLOYMENT_TARGET = 12.1;
				MTL_ENABLE_DEBUG_INFO = INCLUDE_SOURCE;
				MTL_FAST_MATH = YES;
				ONLY_ACTIVE_ARCH = YES;
				SDKROOT = iphoneos;
				SWIFT_ACTIVE_COMPILATION_CONDITIONS = DEBUG;
				SWIFT_OPTIMIZATION_LEVEL = "-Onone";
			};
			name = Debug;
		};
		3DE521452205EF5700CD70AB /* Release */ = {
			isa = XCBuildConfiguration;
			buildSettings = {
				ALWAYS_SEARCH_USER_PATHS = NO;
				CLANG_ANALYZER_NONNULL = YES;
				CLANG_ANALYZER_NUMBER_OBJECT_CONVERSION = YES_AGGRESSIVE;
				CLANG_CXX_LANGUAGE_STANDARD = "gnu++14";
				CLANG_CXX_LIBRARY = "libc++";
				CLANG_ENABLE_MODULES = YES;
				CLANG_ENABLE_OBJC_ARC = YES;
				CLANG_ENABLE_OBJC_WEAK = YES;
				CLANG_WARN_BLOCK_CAPTURE_AUTORELEASING = YES;
				CLANG_WARN_BOOL_CONVERSION = YES;
				CLANG_WARN_COMMA = YES;
				CLANG_WARN_CONSTANT_CONVERSION = YES;
				CLANG_WARN_DEPRECATED_OBJC_IMPLEMENTATIONS = YES;
				CLANG_WARN_DIRECT_OBJC_ISA_USAGE = YES_ERROR;
				CLANG_WARN_DOCUMENTATION_COMMENTS = YES;
				CLANG_WARN_EMPTY_BODY = YES;
				CLANG_WARN_ENUM_CONVERSION = YES;
				CLANG_WARN_INFINITE_RECURSION = YES;
				CLANG_WARN_INT_CONVERSION = YES;
				CLANG_WARN_NON_LITERAL_NULL_CONVERSION = YES;
				CLANG_WARN_OBJC_IMPLICIT_RETAIN_SELF = YES;
				CLANG_WARN_OBJC_LITERAL_CONVERSION = YES;
				CLANG_WARN_OBJC_ROOT_CLASS = YES_ERROR;
				CLANG_WARN_RANGE_LOOP_ANALYSIS = YES;
				CLANG_WARN_STRICT_PROTOTYPES = YES;
				CLANG_WARN_SUSPICIOUS_MOVE = YES;
				CLANG_WARN_UNGUARDED_AVAILABILITY = YES_AGGRESSIVE;
				CLANG_WARN_UNREACHABLE_CODE = YES;
				CLANG_WARN__DUPLICATE_METHOD_MATCH = YES;
				CODE_SIGN_IDENTITY = "iPhone Developer";
				COPY_PHASE_STRIP = NO;
				DEBUG_INFORMATION_FORMAT = "dwarf-with-dsym";
				ENABLE_NS_ASSERTIONS = NO;
				ENABLE_STRICT_OBJC_MSGSEND = YES;
				GCC_C_LANGUAGE_STANDARD = gnu11;
				GCC_NO_COMMON_BLOCKS = YES;
				GCC_WARN_64_TO_32_BIT_CONVERSION = YES;
				GCC_WARN_ABOUT_RETURN_TYPE = YES_ERROR;
				GCC_WARN_UNDECLARED_SELECTOR = YES;
				GCC_WARN_UNINITIALIZED_AUTOS = YES_AGGRESSIVE;
				GCC_WARN_UNUSED_FUNCTION = YES;
				GCC_WARN_UNUSED_VARIABLE = YES;
				IPHONEOS_DEPLOYMENT_TARGET = 12.1;
				MTL_ENABLE_DEBUG_INFO = NO;
				MTL_FAST_MATH = YES;
				SDKROOT = iphoneos;
				SWIFT_COMPILATION_MODE = wholemodule;
				SWIFT_OPTIMIZATION_LEVEL = "-O";
				VALIDATE_PRODUCT = YES;
			};
			name = Release;
		};
		3DE521472205EF5700CD70AB /* Debug */ = {
			isa = XCBuildConfiguration;
			baseConfigurationReference = A13C5B9930A1660D898C46AF /* Pods-HelloCanada.debug.xcconfig */;
			buildSettings = {
				ASSETCATALOG_COMPILER_APPICON_NAME = AppIcon;
				CODE_SIGN_STYLE = Automatic;
				DEVELOPMENT_TEAM = C94P4T4MCM;
				INFOPLIST_FILE = "$(SRCROOT)/HelloCanada/Resource/Info.plist";
				LD_RUNPATH_SEARCH_PATHS = (
					"$(inherited)",
					"@executable_path/Frameworks",
				);
				PRODUCT_BUNDLE_IDENTIFIER = com.iPran.HelloCanada;
				PRODUCT_NAME = "$(TARGET_NAME)";
				SWIFT_VERSION = 4.2;
				TARGETED_DEVICE_FAMILY = "1,2";
			};
			name = Debug;
		};
		3DE521482205EF5700CD70AB /* Release */ = {
			isa = XCBuildConfiguration;
			baseConfigurationReference = 4C40BC4B14B99EF881292341 /* Pods-HelloCanada.release.xcconfig */;
			buildSettings = {
				ASSETCATALOG_COMPILER_APPICON_NAME = AppIcon;
				CODE_SIGN_STYLE = Automatic;
				DEVELOPMENT_TEAM = C94P4T4MCM;
				INFOPLIST_FILE = "$(SRCROOT)/HelloCanada/Resource/Info.plist";
				LD_RUNPATH_SEARCH_PATHS = (
					"$(inherited)",
					"@executable_path/Frameworks",
				);
				PRODUCT_BUNDLE_IDENTIFIER = com.iPran.HelloCanada;
				PRODUCT_NAME = "$(TARGET_NAME)";
				SWIFT_VERSION = 4.2;
				TARGETED_DEVICE_FAMILY = "1,2";
			};
			name = Release;
		};
		3DE5214A2205EF5700CD70AB /* Debug */ = {
			isa = XCBuildConfiguration;
			baseConfigurationReference = 8807E55822E249197F8CDCB2 /* Pods-HelloCanadaTests.debug.xcconfig */;
			buildSettings = {
				ALWAYS_EMBED_SWIFT_STANDARD_LIBRARIES = YES;
				BUNDLE_LOADER = "$(TEST_HOST)";
				CODE_SIGN_STYLE = Automatic;
				DEVELOPMENT_TEAM = C94P4T4MCM;
				INFOPLIST_FILE = HelloCanadaTests/Info.plist;
				LD_RUNPATH_SEARCH_PATHS = (
					"$(inherited)",
					"@executable_path/Frameworks",
					"@loader_path/Frameworks",
				);
				PRODUCT_BUNDLE_IDENTIFIER = com.iPran.HelloCanadaTests;
				PRODUCT_NAME = "$(TARGET_NAME)";
				SWIFT_VERSION = 4.2;
				TARGETED_DEVICE_FAMILY = "1,2";
				TEST_HOST = "$(BUILT_PRODUCTS_DIR)/HelloCanada.app/HelloCanada";
			};
			name = Debug;
		};
		3DE5214B2205EF5700CD70AB /* Release */ = {
			isa = XCBuildConfiguration;
			baseConfigurationReference = 653C99C4B5D2A80FB239EBC2 /* Pods-HelloCanadaTests.release.xcconfig */;
			buildSettings = {
				ALWAYS_EMBED_SWIFT_STANDARD_LIBRARIES = YES;
				BUNDLE_LOADER = "$(TEST_HOST)";
				CODE_SIGN_STYLE = Automatic;
				DEVELOPMENT_TEAM = C94P4T4MCM;
				INFOPLIST_FILE = HelloCanadaTests/Info.plist;
				LD_RUNPATH_SEARCH_PATHS = (
					"$(inherited)",
					"@executable_path/Frameworks",
					"@loader_path/Frameworks",
				);
				PRODUCT_BUNDLE_IDENTIFIER = com.iPran.HelloCanadaTests;
				PRODUCT_NAME = "$(TARGET_NAME)";
				SWIFT_VERSION = 4.2;
				TARGETED_DEVICE_FAMILY = "1,2";
				TEST_HOST = "$(BUILT_PRODUCTS_DIR)/HelloCanada.app/HelloCanada";
			};
			name = Release;
		};
		3DE5214D2205EF5700CD70AB /* Debug */ = {
			isa = XCBuildConfiguration;
			baseConfigurationReference = 228F9E7D8BB0C0CF456C3B36 /* Pods-HelloCanadaUITests.debug.xcconfig */;
			buildSettings = {
				ALWAYS_EMBED_SWIFT_STANDARD_LIBRARIES = YES;
				CODE_SIGN_STYLE = Automatic;
				DEVELOPMENT_TEAM = C94P4T4MCM;
				INFOPLIST_FILE = HelloCanadaUITests/Info.plist;
				LD_RUNPATH_SEARCH_PATHS = (
					"$(inherited)",
					"@executable_path/Frameworks",
					"@loader_path/Frameworks",
				);
				PRODUCT_BUNDLE_IDENTIFIER = com.iPran.HelloCanadaUITests;
				PRODUCT_NAME = "$(TARGET_NAME)";
				SWIFT_VERSION = 4.2;
				TARGETED_DEVICE_FAMILY = "1,2";
				TEST_TARGET_NAME = HelloCanada;
			};
			name = Debug;
		};
		3DE5214E2205EF5700CD70AB /* Release */ = {
			isa = XCBuildConfiguration;
			baseConfigurationReference = 0695D92E2AB9436431710D2A /* Pods-HelloCanadaUITests.release.xcconfig */;
			buildSettings = {
				ALWAYS_EMBED_SWIFT_STANDARD_LIBRARIES = YES;
				CODE_SIGN_STYLE = Automatic;
				DEVELOPMENT_TEAM = C94P4T4MCM;
				INFOPLIST_FILE = HelloCanadaUITests/Info.plist;
				LD_RUNPATH_SEARCH_PATHS = (
					"$(inherited)",
					"@executable_path/Frameworks",
					"@loader_path/Frameworks",
				);
				PRODUCT_BUNDLE_IDENTIFIER = com.iPran.HelloCanadaUITests;
				PRODUCT_NAME = "$(TARGET_NAME)";
				SWIFT_VERSION = 4.2;
				TARGETED_DEVICE_FAMILY = "1,2";
				TEST_TARGET_NAME = HelloCanada;
			};
			name = Release;
		};
/* End XCBuildConfiguration section */

/* Begin XCConfigurationList section */
		3DE521192205EF5500CD70AB /* Build configuration list for PBXProject "HelloCanada" */ = {
			isa = XCConfigurationList;
			buildConfigurations = (
				3DE521442205EF5700CD70AB /* Debug */,
				3DE521452205EF5700CD70AB /* Release */,
			);
			defaultConfigurationIsVisible = 0;
			defaultConfigurationName = Release;
		};
		3DE521462205EF5700CD70AB /* Build configuration list for PBXNativeTarget "HelloCanada" */ = {
			isa = XCConfigurationList;
			buildConfigurations = (
				3DE521472205EF5700CD70AB /* Debug */,
				3DE521482205EF5700CD70AB /* Release */,
			);
			defaultConfigurationIsVisible = 0;
			defaultConfigurationName = Release;
		};
		3DE521492205EF5700CD70AB /* Build configuration list for PBXNativeTarget "HelloCanadaTests" */ = {
			isa = XCConfigurationList;
			buildConfigurations = (
				3DE5214A2205EF5700CD70AB /* Debug */,
				3DE5214B2205EF5700CD70AB /* Release */,
			);
			defaultConfigurationIsVisible = 0;
			defaultConfigurationName = Release;
		};
		3DE5214C2205EF5700CD70AB /* Build configuration list for PBXNativeTarget "HelloCanadaUITests" */ = {
			isa = XCConfigurationList;
			buildConfigurations = (
				3DE5214D2205EF5700CD70AB /* Debug */,
				3DE5214E2205EF5700CD70AB /* Release */,
			);
			defaultConfigurationIsVisible = 0;
			defaultConfigurationName = Release;
		};
/* End XCConfigurationList section */
	};
	rootObject = 3DE521162205EF5500CD70AB /* Project object */;
}
